
Microsoft Visual Studio Solution File, Format Version 12.00
# Visual Studio 2017
Project("{FAE04EC0-301F-11D3-BF4B-00C04F79EFBC}") = "UPaint", "UPaint.csproj", "{236591DA-7868-2F3E-C291-92F7D9411CE6}"
EndProject
Project("{FAE04EC0-301F-11D3-BF4B-00C04F79EFBC}") = "UPaint.Editor", "UPaint.Editor.csproj", "{21663B8A-7BA9-3AA1-A69A-F1DEB96BE524}"
EndProject
Global
	GlobalSection(SolutionConfigurationPlatforms) = preSolution
		Debug|Any CPU = Debug|Any CPU
		Release|Any CPU = Release|Any CPU
	EndGlobalSection
	GlobalSection(ProjectConfigurationPlatforms) = postSolution
		{236591DA-7868-2F3E-C291-92F7D9411CE6}.Debug|Any CPU.ActiveCfg = Debug|Any CPU
		{236591DA-7868-2F3E-C291-92F7D9411CE6}.Debug|Any CPU.Build.0 = Debug|Any CPU
		{236591DA-7868-2F3E-C291-92F7D9411CE6}.Release|Any CPU.ActiveCfg = Release|Any CPU
		{236591DA-7868-2F3E-C291-92F7D9411CE6}.Release|Any CPU.Build.0 = Release|Any CPU
		{21663B8A-7BA9-3AA1-A69A-F1DEB96BE524}.Debug|Any CPU.ActiveCfg = Debug|Any CPU
		{21663B8A-7BA9-3AA1-A69A-F1DEB96BE524}.Debug|Any CPU.Build.0 = Debug|Any CPU
		{21663B8A-7BA9-3AA1-A69A-F1DEB96BE524}.Release|Any CPU.ActiveCfg = Release|Any CPU
		{21663B8A-7BA9-3AA1-A69A-F1DEB96BE524}.Release|Any CPU.Build.0 = Release|Any CPU
	EndGlobalSection
	GlobalSection(SolutionProperties) = preSolution
		HideSolutionNode = FALSE
	EndGlobalSection
EndGlobal
